<Solution>
  <Folder Name="/src/">
    <Project Path="src/SchoolService.Api/SchoolService.Api.csproj" />
    <Project Path="src/SchoolService.Application/SchoolService.Application.csproj" />
    <Project Path="src/SchoolService.Domain/SchoolService.Domain.csproj" />
    <Project Path="src/SchoolService.Infrastructure/SchoolService.Infrastructure.csproj" />
  </Folder>
  <Project Path="SchoolService.IntegrationTests\SchoolService.IntegrationTests.csproj" Type="Classic C#" />
  <Project Path="SchoolService.UnitTests/SchoolService.UnitTests.csproj" />
</Solution>