<Solution>
  <Folder Name="/src/">
    <Project Path="src/SchoolService.Api/SchoolService.Api.csproj" />
    <Project Path="src/SchoolService.Application/SchoolService.Application.csproj" />
    <Project Path="src/SchoolService.Domain/SchoolService.Domain.csproj" />
    <Project Path="src/SchoolService.Infrastructure/SchoolService.Infrastructure.csproj" />
  </Folder>
  <Project Path="SchoolService.UnitTests/SchoolService.UnitTests.csproj" Id="bfd80e93-5fd2-433b-8cb2-ff3a1796172c" />
</Solution>
